
Microsoft Visual Studio Solution File, Format Version 12.00
# Visual Studio Version 17
VisualStudioVersion = 17.8.34330.188
MinimumVisualStudioVersion = 10.0.40219.1
Project("{FAE04EC0-301F-11D3-BF4B-00C04F79EFBC}") = "WpfApp3", "WpfApp3\WpfApp3.csproj", "{201415E7-E9E1-4C8B-8F4A-80FA70226D68}"
EndProject
Global
	GlobalSection(SolutionConfigurationPlatforms) = preSolution
		Debug|Any CPU = Debug|Any CPU
		Release|Any CPU = Release|Any CPU
	EndGlobalSection
	GlobalSection(ProjectConfigurationPlatforms) = postSolution
		{201415E7-E9E1-4C8B-8F4A-80FA70226D68}.Debug|Any CPU.ActiveCfg = Debug|Any CPU
		{201415E7-E9E1-4C8B-8F4A-80FA70226D68}.Debug|Any CPU.Build.0 = Debug|Any CPU
		{201415E7-E9E1-4C8B-8F4A-80FA70226D68}.Release|Any CPU.ActiveCfg = Release|Any CPU
		{201415E7-E9E1-4C8B-8F4A-80FA70226D68}.Release|Any CPU.Build.0 = Release|Any CPU
	EndGlobalSection
	GlobalSection(SolutionProperties) = preSolution
		HideSolutionNode = FALSE
	EndGlobalSection
	GlobalSection(ExtensibilityGlobals) = postSolution
		SolutionGuid = {72CEADC9-3DBD-42EB-B9F9-6BDFEAB220AC}
	EndGlobalSection
EndGlobal
